
Microsoft Visual Studio Solution File, Format Version 12.00
# Visual Studio Version 16
VisualStudioVersion = 16.0.30503.244
MinimumVisualStudioVersion = 10.0.40219.1
Project("{FAE04EC0-301F-11D3-BF4B-00C04F79EFBC}") = "WebApplicationEducation", "WebApplicationEducation\WebApplicationEducation.csproj", "{4A9A298F-34B4-4235-8C74-553F3FCDB5AC}"
EndProject
Global
	GlobalSection(SolutionConfigurationPlatforms) = preSolution
		Debug|Any CPU = Debug|Any CPU
		Release|Any CPU = Release|Any CPU
	EndGlobalSection
	GlobalSection(ProjectConfigurationPlatforms) = postSolution
		{4A9A298F-34B4-4235-8C74-553F3FCDB5AC}.Debug|Any CPU.ActiveCfg = Debug|Any CPU
		{4A9A298F-34B4-4235-8C74-553F3FCDB5AC}.Debug|Any CPU.Build.0 = Debug|Any CPU
		{4A9A298F-34B4-4235-8C74-553F3FCDB5AC}.Release|Any CPU.ActiveCfg = Release|Any CPU
		{4A9A298F-34B4-4235-8C74-553F3FCDB5AC}.Release|Any CPU.Build.0 = Release|Any CPU
	EndGlobalSection
	GlobalSection(SolutionProperties) = preSolution
		HideSolutionNode = FALSE
	EndGlobalSection
	GlobalSection(ExtensibilityGlobals) = postSolution
		SolutionGuid = {C489E6EC-B044-490E-8F34-7634D15F71B2}
	EndGlobalSection
EndGlobal
